# THIS IS AN AUTOGENERATED FILE. DO NOT EDIT THIS FILE DIRECTLY.
# yarn lockfile v1


swiper@^11.1.5:
  version "11.1.5"
  resolved "https://registry.yarnpkg.com/swiper/-/swiper-11.1.5.tgz#fac11a45e34f571e73e89cb232165a146e716943"
  integrity sha512-JJQWFXdxiMGC2j6ZGTYat5Z7NN9JORJBgHp0/joX9uPod+cRj0wr5H5VnWSNIz9JeAamQvYKaG7aFrGHIF9OEg==
